// !$*UTF8*$!
{
	archiveVersion = 1;
	classes = {
	};
	objectVersion = 46;
	objects = {

/* Begin PBXBuildFile section */
		F4DE16D61C2D19D700668ABF /* AppDelegate.swift in Sources */ = {isa = PBXBuildFile; fileRef = F4DE16D51C2D19D700668ABF /* AppDelegate.swift */; };
		F4DE16D81C2D19D700668ABF /* ViewController.swift in Sources */ = {isa = PBXBuildFile; fileRef = F4DE16D71C2D19D700668ABF /* ViewController.swift */; };
		F4DE16DB1C2D19D700668ABF /* Main.storyboard in Resources */ = {isa = PBXBuildFile; fileRef = F4DE16D91C2D19D700668ABF /* Main.storyboard */; };
		F4DE16DD1C2D19D700668ABF /* Assets.xcassets in Resources */ = {isa = PBXBuildFile; fileRef = F4DE16DC1C2D19D700668ABF /* Assets.xcassets */; };
		F4DE16E01C2D19D700668ABF /* LaunchScreen.storyboard in Resources */ = {isa = PBXBuildFile; fileRef = F4DE16DE1C2D19D700668ABF /* LaunchScreen.storyboard */; };
/* End PBXBuildFile section */

/* Begin PBXFileReference section */
		F4DE16D21C2D19D700668ABF /* Kobe.app */ = {isa = PBXFileReference; explicitFileType = wrapper.application; includeInIndex = 0; path = Kobe.app; sourceTree = BUILT_PRODUCTS_DIR; };
		F4DE16D51C2D19D700668ABF /* AppDelegate.swift */ = {isa = PBXFileReference; lastKnownFileType = sourcecode.swift; path = AppDelegate.swift; sourceTree = "<group>"; };
		F4DE16D71C2D19D700668ABF /* ViewController.swift */ = {isa = PBXFileReference; lastKnownFileType = sourcecode.swift; path = ViewController.swift; sourceTree = "<group>"; };
		F4DE16DA1C2D19D700668ABF /* Base */ = {isa = PBXFileReference; lastKnownFileType = file.storyboard; name = Base; path = Base.lproj/Main.storyboard; sourceTree = "<group>"; };
		F4DE16DC1C2D19D700668ABF /* Assets.xcassets */ = {isa = PBXFileReference; lastKnownFileType = folder.assetcatalog; path = Assets.xcassets; sourceTree = "<group>"; };
		F4DE16DF1C2D19D700668ABF /* Base */ = {isa = PBXFileReference; lastKnownFileType = file.storyboard; name = Base; path = Base.lproj/LaunchScreen.storyboard; sourceTree = "<group>"; };
		F4DE16E11C2D19D700668ABF /* Info.plist */ = {isa = PBXFileReference; lastKnownFileType = text.plist.xml; path = Info.plist; sourceTree = "<group>"; };
/* End PBXFileReference section */

/* Begin PBXFrameworksBuildPhase section */
		F4DE16CF1C2D19D700668ABF /* Frameworks */ = {
			isa = PBXFrameworksBuildPhase;
			buildActionMask = 2147483647;
			files = (
			);
			runOnlyForDeploymentPostprocessing = 0;
		};
/* End PBXFrameworksBuildPhase section */

/* Begin PBXGroup section */
		F4DE16C91C2D19D700668ABF = {
			isa = PBXGroup;
			children = (
				F4DE16D41C2D19D700668ABF /* Kobe */,
				F4DE16D31C2D19D700668ABF /* Products */,
			);
			sourceTree = "<group>";
		};
		F4DE16D31C2D19D700668ABF /* Products */ = {
			isa = PBXGroup;
			children = (
				F4DE16D21C2D19D700668ABF /* Kobe.app */,
			);
			name = Products;
			sourceTree = "<group>";
		};
		F4DE16D41C2D19D700668ABF /* Kobe */ = {
			isa = PBXGroup;
			children = (
				F4DE16D51C2D19D700668ABF /* AppDelegate.swift */,
				F4DE16D71C2D19D700668ABF /* ViewController.swift */,
				F4DE16D91C2D19D700668ABF /* Main.storyboard */,
				F4DE16DC1C2D19D700668ABF /* Assets.xcassets */,
				F4DE16DE1C2D19D700668ABF /* LaunchScreen.storyboard */,
				F4DE16E11C2D19D700668ABF /* Info.plist */,
			);
			path = Kobe;
			sourceTree = "<group>";
		};
/* End PBXGroup section */

/* Begin PBXNativeTarget section */
		F4DE16D11C2D19D700668ABF /* Kobe */ = {
			isa = PBXNativeTarget;
			buildConfigurationList = F4DE16E41C2D19D700668ABF /* Build configuration list for PBXNativeTarget "Kobe" */;
			buildPhases = (
				F4DE16CE1C2D19D700668ABF /* Sources */,
				F4DE16CF1C2D19D700668ABF /* Frameworks */,
				F4DE16D01C2D19D700668ABF /* Resources */,
			);
			buildRules = (
			);
			dependencies = (
			);
			name = Kobe;
			productName = Kobe;
			productReference = F4DE16D21C2D19D700668ABF /* Kobe.app */;
			productType = "com.apple.product-type.application";
		};
/* End PBXNativeTarget section */

/* Begin PBXProject section */
		F4DE16CA1C2D19D700668ABF /* Project object */ = {
			isa = PBXProject;
			attributes = {
				LastSwiftUpdateCheck = 0720;
				LastUpgradeCheck = 0720;
				ORGANIZATIONNAME = DanielOng;
				TargetAttributes = {
					F4DE16D11C2D19D700668ABF = {
						CreatedOnToolsVersion = 7.2;
					};
				};
			};
			buildConfigurationList = F4DE16CD1C2D19D700668ABF /* Build configuration list for PBXProject "Kobe" */;
			compatibilityVersion = "Xcode 3.2";
			developmentRegion = English;
			hasScannedForEncodings = 0;
			knownRegions = (
				en,
				Base,
			);
			mainGroup = F4DE16C91C2D19D700668ABF;
			productRefGroup = F4DE16D31C2D19D700668ABF /* Products */;
			projectDirPath = "";
			projectRoot = "";
			targets = (
				F4DE16D11C2D19D700668ABF /* Kobe */,
			);
		};
/* End PBXProject section */

/* Begin PBXResourcesBuildPhase section */
		F4DE16D01C2D19D700668ABF /* Resources */ = {
			isa = PBXResourcesBuildPhase;
			buildActionMask = 2147483647;
			files = (
				F4DE16E01C2D19D700668ABF /* LaunchScreen.storyboard in Resources */,
				F4DE16DD1C2D19D700668ABF /* Assets.xcassets in Resources */,
				F4DE16DB1C2D19D700668ABF /* Main.storyboard in Resources */,
			);
			runOnlyForDeploymentPostprocessing = 0;
		};
/* End PBXResourcesBuildPhase section */

/* Begin PBXSourcesBuildPhase section */
		F4DE16CE1C2D19D700668ABF /* Sources */ = {
			isa = PBXSourcesBuildPhase;
			buildActionMask = 2147483647;
			files = (
				F4DE16D81C2D19D700668ABF /* ViewController.swift in Sources */,
				F4DE16D61C2D19D700668ABF /* AppDelegate.swift in Sources */,
			);
			runOnlyForDeploymentPostprocessing = 0;
		};
/* End PBXSourcesBuildPhase section */

/* Begin PBXVariantGroup section */
		F4DE16D91C2D19D700668ABF /* Main.storyboard */ = {
			isa = PBXVariantGroup;
			children = (
				F4DE16DA1C2D19D700668ABF /* Base */,
			);
			name = Main.storyboard;
			sourceTree = "<group>";
		};
		F4DE16DE1C2D19D700668ABF /* LaunchScreen.storyboard */ = {
			isa = PBXVariantGroup;
			children = (
				F4DE16DF1C2D19D700668ABF /* Base */,
			);
			name = LaunchScreen.storyboard;
			sourceTree = "<group>";
		};
/* End PBXVariantGroup section */

/* Begin XCBuildConfiguration section */
		F4DE16E21C2D19D700668ABF /* Debug */ = {
			isa = XCBuildConfiguration;
			buildSettings = {
				ALWAYS_SEARCH_USER_PATHS = NO;
				CLANG_CXX_LANGUAGE_STANDARD = "gnu++0x";
				CLANG_CXX_LIBRARY = "libc++";
				CLANG_ENABLE_MODULES = YES;
				CLANG_ENABLE_OBJC_ARC = YES;
				CLANG_WARN_BOOL_CONVERSION = YES;
				CLANG_WARN_CONSTANT_CONVERSION = YES;
				CLANG_WARN_DIRECT_OBJC_ISA_USAGE = YES_ERROR;
				CLANG_WARN_EMPTY_BODY = YES;
				CLANG_WARN_ENUM_CONVERSION = YES;
				CLANG_WARN_INT_CONVERSION = YES;
				CLANG_WARN_OBJC_ROOT_CLASS = YES_ERROR;
				CLANG_WARN_UNREACHABLE_CODE = YES;
				CLANG_WARN__DUPLICATE_METHOD_MATCH = YES;
				"CODE_SIGN_IDENTITY[sdk=iphoneos*]" = "iPhone Developer";
				COPY_PHASE_STRIP = NO;
				DEBUG_INFORMATION_FORMAT = dwarf;
				ENABLE_STRICT_OBJC_MSGSEND = YES;
				ENABLE_TESTABILITY = YES;
				GCC_C_LANGUAGE_STANDARD = gnu99;
				GCC_DYNAMIC_NO_PIC = NO;
				GCC_NO_COMMON_BLOCKS = YES;
				GCC_OPTIMIZATION_LEVEL = 0;
				GCC_PREPROCESSOR_DEFINITIONS = (
					"DEBUG=1",
					"$(inherited)",
				);
				GCC_WARN_64_TO_32_BIT_CONVERSION = YES;
				GCC_WARN_ABOUT_RETURN_TYPE = YES_ERROR;
				GCC_WARN_UNDECLARED_SELECTOR = YES;
				GCC_WARN_UNINITIALIZED_AUTOS = YES_AGGRESSIVE;
				GCC_WARN_UNUSED_FUNCTION = YES;
				GCC_WARN_UNUSED_VARIABLE = YES;
				IPHONEOS_DEPLOYMENT_TARGET = 9.2;
				MTL_ENABLE_DEBUG_INFO = YES;
				ONLY_ACTIVE_ARCH = YES;
				SDKROOT = iphoneos;
				SWIFT_OPTIMIZATION_LEVEL = "-Onone";
				TARGETED_DEVICE_FAMILY = "1,2";
			};
			name = Debug;
		};
		F4DE16E31C2D19D700668ABF /* Release */ = {
			isa = XCBuildConfiguration;
			buildSettings = {
				ALWAYS_SEARCH_USER_PATHS = NO;
				CLANG_CXX_LANGUAGE_STANDARD = "gnu++0x";
				CLANG_CXX_LIBRARY = "libc++";
				CLANG_ENABLE_MODULES = YES;
				CLANG_ENABLE_OBJC_ARC = YES;
				CLANG_WARN_BOOL_CONVERSION = YES;
				CLANG_WARN_CONSTANT_CONVERSION = YES;
				CLANG_WARN_DIRECT_OBJC_ISA_USAGE = YES_ERROR;
				CLANG_WARN_EMPTY_BODY = YES;
				CLANG_WARN_ENUM_CONVERSION = YES;
				CLANG_WARN_INT_CONVERSION = YES;
				CLANG_WARN_OBJC_ROOT_CLASS = YES_ERROR;
				CLANG_WARN_UNREACHABLE_CODE = YES;
				CLANG_WARN__DUPLICATE_METHOD_MATCH = YES;
				"CODE_SIGN_IDENTITY[sdk=iphoneos*]" = "iPhone Developer";
				COPY_PHASE_STRIP = NO;
				DEBUG_INFORMATION_FORMAT = "dwarf-with-dsym";
				ENABLE_NS_ASSERTIONS = NO;
				ENABLE_STRICT_OBJC_MSGSEND = YES;
				GCC_C_LANGUAGE_STANDARD = gnu99;
				GCC_NO_COMMON_BLOCKS = YES;
				GCC_WARN_64_TO_32_BIT_CONVERSION = YES;
				GCC_WARN_ABOUT_RETURN_TYPE = YES_ERROR;
				GCC_WARN_UNDECLARED_SELECTOR = YES;
				GCC_WARN_UNINITIALIZED_AUTOS = YES_AGGRESSIVE;
				GCC_WARN_UNUSED_FUNCTION = YES;
				GCC_WARN_UNUSED_VARIABLE = YES;
				IPHONEOS_DEPLOYMENT_TARGET = 9.2;
				MTL_ENABLE_DEBUG_INFO = NO;
				SDKROOT = iphoneos;
				TARGETED_DEVICE_FAMILY = "1,2";
				VALIDATE_PRODUCT = YES;
			};
			name = Release;
		};
		F4DE16E51C2D19D700668ABF /* Debug */ = {
			isa = XCBuildConfiguration;
			buildSettings = {
				ASSETCATALOG_COMPILER_APPICON_NAME = AppIcon;
				INFOPLIST_FILE = Kobe/Info.plist;
				LD_RUNPATH_SEARCH_PATHS = "$(inherited) @executable_path/Frameworks";
				PRODUCT_BUNDLE_IDENTIFIER = com.lol.Kobe;
				PRODUCT_NAME = "$(TARGET_NAME)";
			};
			name = Debug;
		};
		F4DE16E61C2D19D700668ABF /* Release */ = {
			isa = XCBuildConfiguration;
			buildSettings = {
				ASSETCATALOG_COMPILER_APPICON_NAME = AppIcon;
				INFOPLIST_FILE = Kobe/Info.plist;
				LD_RUNPATH_SEARCH_PATHS = "$(inherited) @executable_path/Frameworks";
				PRODUCT_BUNDLE_IDENTIFIER = com.lol.Kobe;
				PRODUCT_NAME = "$(TARGET_NAME)";
			};
			name = Release;
		};
/* End XCBuildConfiguration section */

/* Begin XCConfigurationList section */
		F4DE16CD1C2D19D700668ABF /* Build configuration list for PBXProject "Kobe" */ = {
			isa = XCConfigurationList;
			buildConfigurations = (
				F4DE16E21C2D19D700668ABF /* Debug */,
				F4DE16E31C2D19D700668ABF /* Release */,
			);
			defaultConfigurationIsVisible = 0;
			defaultConfigurationName = Release;
		};
		F4DE16E41C2D19D700668ABF /* Build configuration list for PBXNativeTarget "Kobe" */ = {
			isa = XCConfigurationList;
			buildConfigurations = (
				F4DE16E51C2D19D700668ABF /* Debug */,
				F4DE16E61C2D19D700668ABF /* Release */,
			);
			defaultConfigurationIsVisible = 0;
		};
/* End XCConfigurationList section */
	};
	rootObject = F4DE16CA1C2D19D700668ABF /* Project object */;
}
